<Solution>
  <Project Path="DoomerPublish.lib\DoomerPublish.lib.csproj" />
  <Project Path="DoomerPublishTests\DoomerPublishTests.csproj" />
  <Properties Name="Visual Studio">
    <Property Name="OpenWith" Value="Visual Studio Version 17" />
  </Properties>
  <Project Path="DoomerPublishTool\DoomerPublishConsole.csproj" />
</Solution>
